
Microsoft Visual Studio Solution File, Format Version 12.00
# Visual Studio 14
VisualStudioVersion = 14.0.25420.1
MinimumVisualStudioVersion = 10.0.40219.1
Project("{FAE04EC0-301F-11D3-BF4B-00C04F79EFBC}") = "Demo.Core", "Demo.Core\Demo.Core.csproj", "{2A912FB2-991A-4E85-8CF6-E0BCA12F5E8F}"
EndProject
Project("{FAE04EC0-301F-11D3-BF4B-00C04F79EFBC}") = "Demo.Data", "Demo.Data\Demo.Data.csproj", "{3EB56A42-341F-4723-A3CC-0F1C00666853}"
EndProject
Project("{FAE04EC0-301F-11D3-BF4B-00C04F79EFBC}") = "Demo.Services", "Demo.Services\Demo.Services.csproj", "{0936D676-5B9A-4988-850A-616A6626906D}"
EndProject
Project("{2150E333-8FDC-42A3-9474-1A3956D46DE8}") = "Tools", "Tools", "{B3EB132B-CF6C-4785-BABF-09365D4C87E7}"
EndProject
Project("{2150E333-8FDC-42A3-9474-1A3956D46DE8}") = "Library", "Library", "{DB38B2B0-870D-4EB1-98A1-A911E45933BF}"
EndProject
Project("{2150E333-8FDC-42A3-9474-1A3956D46DE8}") = "Presentation", "Presentation", "{5564732D-E877-4761-9367-0CA7B4191E1E}"
EndProject
Project("{2150E333-8FDC-42A3-9474-1A3956D46DE8}") = "Tests", "Tests", "{10D5212C-F53C-4044-845F-F505C60096A9}"
EndProject
Project("{FAE04EC0-301F-11D3-BF4B-00C04F79EFBC}") = "Demo.Api", "Demo.Api\Demo.Api.csproj", "{AD409D41-7A68-450C-A874-EDA90286B89A}"
EndProject
Project("{FAE04EC0-301F-11D3-BF4B-00C04F79EFBC}") = "Demo.Api.Tests", "Demo.Api.Tests\Demo.Api.Tests.csproj", "{6F08C47D-2F60-44DC-9B96-B5A83BA0E41B}"
EndProject
Project("{FAE04EC0-301F-11D3-BF4B-00C04F79EFBC}") = "Demo.ApiHost", "Demo.ApiHost\Demo.ApiHost.csproj", "{376F301A-ED1A-46AE-901A-0BD05D28C94C}"
EndProject
Project("{FAE04EC0-301F-11D3-BF4B-00C04F79EFBC}") = "Tool", "Tool\Tool.csproj", "{EE30C0BD-354B-4C42-97B5-5290ABA28898}"
EndProject
Global
	GlobalSection(SolutionConfigurationPlatforms) = preSolution
		Debug|Any CPU = Debug|Any CPU
		Release|Any CPU = Release|Any CPU
	EndGlobalSection
	GlobalSection(ProjectConfigurationPlatforms) = postSolution
		{2A912FB2-991A-4E85-8CF6-E0BCA12F5E8F}.Debug|Any CPU.ActiveCfg = Debug|Any CPU
		{2A912FB2-991A-4E85-8CF6-E0BCA12F5E8F}.Debug|Any CPU.Build.0 = Debug|Any CPU
		{2A912FB2-991A-4E85-8CF6-E0BCA12F5E8F}.Release|Any CPU.ActiveCfg = Release|Any CPU
		{2A912FB2-991A-4E85-8CF6-E0BCA12F5E8F}.Release|Any CPU.Build.0 = Release|Any CPU
		{3EB56A42-341F-4723-A3CC-0F1C00666853}.Debug|Any CPU.ActiveCfg = Debug|Any CPU
		{3EB56A42-341F-4723-A3CC-0F1C00666853}.Debug|Any CPU.Build.0 = Debug|Any CPU
		{3EB56A42-341F-4723-A3CC-0F1C00666853}.Release|Any CPU.ActiveCfg = Release|Any CPU
		{3EB56A42-341F-4723-A3CC-0F1C00666853}.Release|Any CPU.Build.0 = Release|Any CPU
		{0936D676-5B9A-4988-850A-616A6626906D}.Debug|Any CPU.ActiveCfg = Debug|Any CPU
		{0936D676-5B9A-4988-850A-616A6626906D}.Debug|Any CPU.Build.0 = Debug|Any CPU
		{0936D676-5B9A-4988-850A-616A6626906D}.Release|Any CPU.ActiveCfg = Release|Any CPU
		{0936D676-5B9A-4988-850A-616A6626906D}.Release|Any CPU.Build.0 = Release|Any CPU
		{AD409D41-7A68-450C-A874-EDA90286B89A}.Debug|Any CPU.ActiveCfg = Debug|Any CPU
		{AD409D41-7A68-450C-A874-EDA90286B89A}.Debug|Any CPU.Build.0 = Debug|Any CPU
		{AD409D41-7A68-450C-A874-EDA90286B89A}.Release|Any CPU.ActiveCfg = Release|Any CPU
		{AD409D41-7A68-450C-A874-EDA90286B89A}.Release|Any CPU.Build.0 = Release|Any CPU
		{6F08C47D-2F60-44DC-9B96-B5A83BA0E41B}.Debug|Any CPU.ActiveCfg = Debug|Any CPU
		{6F08C47D-2F60-44DC-9B96-B5A83BA0E41B}.Debug|Any CPU.Build.0 = Debug|Any CPU
		{6F08C47D-2F60-44DC-9B96-B5A83BA0E41B}.Release|Any CPU.ActiveCfg = Release|Any CPU
		{6F08C47D-2F60-44DC-9B96-B5A83BA0E41B}.Release|Any CPU.Build.0 = Release|Any CPU
		{376F301A-ED1A-46AE-901A-0BD05D28C94C}.Debug|Any CPU.ActiveCfg = Debug|Any CPU
		{376F301A-ED1A-46AE-901A-0BD05D28C94C}.Debug|Any CPU.Build.0 = Debug|Any CPU
		{376F301A-ED1A-46AE-901A-0BD05D28C94C}.Release|Any CPU.ActiveCfg = Release|Any CPU
		{376F301A-ED1A-46AE-901A-0BD05D28C94C}.Release|Any CPU.Build.0 = Release|Any CPU
		{EE30C0BD-354B-4C42-97B5-5290ABA28898}.Debug|Any CPU.ActiveCfg = Debug|Any CPU
		{EE30C0BD-354B-4C42-97B5-5290ABA28898}.Debug|Any CPU.Build.0 = Debug|Any CPU
		{EE30C0BD-354B-4C42-97B5-5290ABA28898}.Release|Any CPU.ActiveCfg = Release|Any CPU
		{EE30C0BD-354B-4C42-97B5-5290ABA28898}.Release|Any CPU.Build.0 = Release|Any CPU
	EndGlobalSection
	GlobalSection(SolutionProperties) = preSolution
		HideSolutionNode = FALSE
	EndGlobalSection
	GlobalSection(NestedProjects) = preSolution
		{2A912FB2-991A-4E85-8CF6-E0BCA12F5E8F} = {DB38B2B0-870D-4EB1-98A1-A911E45933BF}
		{3EB56A42-341F-4723-A3CC-0F1C00666853} = {DB38B2B0-870D-4EB1-98A1-A911E45933BF}
		{0936D676-5B9A-4988-850A-616A6626906D} = {DB38B2B0-870D-4EB1-98A1-A911E45933BF}
		{AD409D41-7A68-450C-A874-EDA90286B89A} = {5564732D-E877-4761-9367-0CA7B4191E1E}
		{6F08C47D-2F60-44DC-9B96-B5A83BA0E41B} = {10D5212C-F53C-4044-845F-F505C60096A9}
		{376F301A-ED1A-46AE-901A-0BD05D28C94C} = {5564732D-E877-4761-9367-0CA7B4191E1E}
		{EE30C0BD-354B-4C42-97B5-5290ABA28898} = {B3EB132B-CF6C-4785-BABF-09365D4C87E7}
	EndGlobalSection
EndGlobal
